
Microsoft Visual Studio Solution File, Format Version 12.00
# Visual Studio Version 16
VisualStudioVersion = 16.0.30406.217
MinimumVisualStudioVersion = 10.0.40219.1
Project("{FAE04EC0-301F-11D3-BF4B-00C04F79EFBC}") = "PriceCalculatorKata", "PriceCalculatorKata\PriceCalculatorKata.csproj", "{80BF112F-9A21-47E0-9525-C1A6AE781390}"
EndProject
Global
	GlobalSection(SolutionConfigurationPlatforms) = preSolution
		Debug|Any CPU = Debug|Any CPU
		Release|Any CPU = Release|Any CPU
	EndGlobalSection
	GlobalSection(ProjectConfigurationPlatforms) = postSolution
		{80BF112F-9A21-47E0-9525-C1A6AE781390}.Debug|Any CPU.ActiveCfg = Debug|Any CPU
		{80BF112F-9A21-47E0-9525-C1A6AE781390}.Debug|Any CPU.Build.0 = Debug|Any CPU
		{80BF112F-9A21-47E0-9525-C1A6AE781390}.Release|Any CPU.ActiveCfg = Release|Any CPU
		{80BF112F-9A21-47E0-9525-C1A6AE781390}.Release|Any CPU.Build.0 = Release|Any CPU
	EndGlobalSection
	GlobalSection(SolutionProperties) = preSolution
		HideSolutionNode = FALSE
	EndGlobalSection
	GlobalSection(ExtensibilityGlobals) = postSolution
		SolutionGuid = {F184F028-FF4A-44F3-ABEA-4FAB2D296229}
	EndGlobalSection
EndGlobal
